<?xml version="1.0" encoding="utf-8"?>
<Project ToolsVersion="4.0" xmlns="http://schemas.microsoft.com/developer/msbuild/2003">
  <ItemGroup>
    <Filter Include="Source Files">
      <UniqueIdentifier>{4FC737F1-C7A5-4376-A066-2A32D752A2FF}</UniqueIdentifier>
      <Extensions>cpp;c;cc;cxx;def;odl;idl;hpj;bat;asm;asmx</Extensions>
    </Filter>
    <Filter Include="Header Files">
      <UniqueIdentifier>{93995380-89BD-4b04-88EB-625FBE52EBFB}</UniqueIdentifier>
      <Extensions>h;hpp;hxx;hm;inl;inc;xsd</Extensions>
    </Filter>
    <Filter Include="Resource Files">
      <UniqueIdentifier>{67DA6AB6-F800-4c08-8B7A-83BB121AAD01}</UniqueIdentifier>
      <Extensions>rc;ico;cur;bmp;dlg;rc2;rct;bin;rgs;gif;jpg;jpeg;jpe;resx;tiff;tif;png;wav;mfcribbon-ms</Extensions>
    </Filter>
  </ItemGroup>
  <ItemGroup>
    <ClCompile Include="server.cpp">
      <Filter>Source Files</Filter>
    </ClCompile>
  </ItemGroup>
  <ItemGroup>
    <ClInclude Include="include\magick\accelerate-private.h">
      <Filter>Header Files</Filter>
    </ClInclude>
    <ClInclude Include="include\magick\accelerate.h">
      <Filter>Header Files</Filter>
    </ClInclude>
    <ClInclude Include="include\magick\animate-private.h">
      <Filter>Header Files</Filter>
    </ClInclude>
    <ClInclude Include="include\magick\animate.h">
      <Filter>Header Files</Filter>
    </ClInclude>
    <ClInclude Include="include\magick\annotate.h">
      <Filter>Header Files</Filter>
    </ClInclude>
    <ClInclude Include="include\magick\api.h">
      <Filter>Header Files</Filter>
    </ClInclude>
    <ClInclude Include="include\magick\artifact.h">
      <Filter>Header Files</Filter>
    </ClInclude>
    <ClInclude Include="include\magick\attribute.h">
      <Filter>Header Files</Filter>
    </ClInclude>
    <ClInclude Include="include\magick\blob-private.h">
      <Filter>Header Files</Filter>
    </ClInclude>
    <ClInclude Include="include\magick\blob.h">
      <Filter>Header Files</Filter>
    </ClInclude>
    <ClInclude Include="include\magick\cache-private.h">
      <Filter>Header Files</Filter>
    </ClInclude>
    <ClInclude Include="include\magick\cache-view.h">
      <Filter>Header Files</Filter>
    </ClInclude>
    <ClInclude Include="include\magick\cache.h">
      <Filter>Header Files</Filter>
    </ClInclude>
    <ClInclude Include="include\magick\channel.h">
      <Filter>Header Files</Filter>
    </ClInclude>
    <ClInclude Include="include\magick\cipher.h">
      <Filter>Header Files</Filter>
    </ClInclude>
    <ClInclude Include="include\magick\client.h">
      <Filter>Header Files</Filter>
    </ClInclude>
    <ClInclude Include="include\magick\coder.h">
      <Filter>Header Files</Filter>
    </ClInclude>
    <ClInclude Include="include\magick\color-private.h">
      <Filter>Header Files</Filter>
    </ClInclude>
    <ClInclude Include="include\magick\color.h">
      <Filter>Header Files</Filter>
    </ClInclude>
    <ClInclude Include="include\magick\colormap-private.h">
      <Filter>Header Files</Filter>
    </ClInclude>
    <ClInclude Include="include\magick\colormap.h">
      <Filter>Header Files</Filter>
    </ClInclude>
    <ClInclude Include="include\magick\colorspace-private.h">
      <Filter>Header Files</Filter>
    </ClInclude>
    <ClInclude Include="include\magick\colorspace.h">
      <Filter>Header Files</Filter>
    </ClInclude>
    <ClInclude Include="include\magick\compare.h">
      <Filter>Header Files</Filter>
    </ClInclude>
    <ClInclude Include="include\magick\composite-private.h">
      <Filter>Header Files</Filter>
    </ClInclude>
    <ClInclude Include="include\magick\composite.h">
      <Filter>Header Files</Filter>
    </ClInclude>
    <ClInclude Include="include\magick\compress.h">
      <Filter>Header Files</Filter>
    </ClInclude>
    <ClInclude Include="include\magick\configure.h">
      <Filter>Header Files</Filter>
    </ClInclude>
    <ClInclude Include="include\magick\constitute.h">
      <Filter>Header Files</Filter>
    </ClInclude>
    <ClInclude Include="include\magick\decorate.h">
      <Filter>Header Files</Filter>
    </ClInclude>
    <ClInclude Include="include\magick\delegate-private.h">
      <Filter>Header Files</Filter>
    </ClInclude>
    <ClInclude Include="include\magick\delegate.h">
      <Filter>Header Files</Filter>
    </ClInclude>
    <ClInclude Include="include\magick\deprecate.h">
      <Filter>Header Files</Filter>
    </ClInclude>
    <ClInclude Include="include\magick\display-private.h">
      <Filter>Header Files</Filter>
    </ClInclude>
    <ClInclude Include="include\magick\display.h">
      <Filter>Header Files</Filter>
    </ClInclude>
    <ClInclude Include="include\magick\distort.h">
      <Filter>Header Files</Filter>
    </ClInclude>
    <ClInclude Include="include\magick\distribute-cache-private.h">
      <Filter>Header Files</Filter>
    </ClInclude>
    <ClInclude Include="include\magick\distribute-cache.h">
      <Filter>Header Files</Filter>
    </ClInclude>
    <ClInclude Include="include\magick\draw-private.h">
      <Filter>Header Files</Filter>
    </ClInclude>
    <ClInclude Include="include\magick\draw.h">
      <Filter>Header Files</Filter>
    </ClInclude>
    <ClInclude Include="include\magick\effect.h">
      <Filter>Header Files</Filter>
    </ClInclude>
    <ClInclude Include="include\magick\enhance.h">
      <Filter>Header Files</Filter>
    </ClInclude>
    <ClInclude Include="include\magick\exception-private.h">
      <Filter>Header Files</Filter>
    </ClInclude>
    <ClInclude Include="include\magick\exception.h">
      <Filter>Header Files</Filter>
    </ClInclude>
    <ClInclude Include="include\magick\feature.h">
      <Filter>Header Files</Filter>
    </ClInclude>
    <ClInclude Include="include\magick\fourier.h">
      <Filter>Header Files</Filter>
    </ClInclude>
    <ClInclude Include="include\magick\fx-private.h">
      <Filter>Header Files</Filter>
    </ClInclude>
    <ClInclude Include="include\magick\fx.h">
      <Filter>Header Files</Filter>
    </ClInclude>
    <ClInclude Include="include\magick\gem-private.h">
      <Filter>Header Files</Filter>
    </ClInclude>
    <ClInclude Include="include\magick\gem.h">
      <Filter>Header Files</Filter>
    </ClInclude>
    <ClInclude Include="include\magick\geometry.h">
      <Filter>Header Files</Filter>
    </ClInclude>
    <ClInclude Include="include\magick\hashmap.h">
      <Filter>Header Files</Filter>
    </ClInclude>
    <ClInclude Include="include\magick\histogram.h">
      <Filter>Header Files</Filter>
    </ClInclude>
    <ClInclude Include="include\magick\identify.h">
      <Filter>Header Files</Filter>
    </ClInclude>
    <ClInclude Include="include\magick\image-private.h">
      <Filter>Header Files</Filter>
    </ClInclude>
    <ClInclude Include="include\magick\image-view.h">
      <Filter>Header Files</Filter>
    </ClInclude>
    <ClInclude Include="include\magick\image.h">
      <Filter>Header Files</Filter>
    </ClInclude>
    <ClInclude Include="include\magick\ImageMagick.h">
      <Filter>Header Files</Filter>
    </ClInclude>
    <ClInclude Include="include\magick\layer.h">
      <Filter>Header Files</Filter>
    </ClInclude>
    <ClInclude Include="include\magick\list.h">
      <Filter>Header Files</Filter>
    </ClInclude>
    <ClInclude Include="include\magick\locale_.h">
      <Filter>Header Files</Filter>
    </ClInclude>
    <ClInclude Include="include\magick\log.h">
      <Filter>Header Files</Filter>
    </ClInclude>
    <ClInclude Include="include\magick\mac.h">
      <Filter>Header Files</Filter>
    </ClInclude>
    <ClInclude Include="include\magick\magic.h">
      <Filter>Header Files</Filter>
    </ClInclude>
    <ClInclude Include="include\magick\magick-baseconfig.h">
      <Filter>Header Files</Filter>
    </ClInclude>
    <ClInclude Include="include\magick\magick-config.h">
      <Filter>Header Files</Filter>
    </ClInclude>
    <ClInclude Include="include\magick\magick-type.h">
      <Filter>Header Files</Filter>
    </ClInclude>
    <ClInclude Include="include\magick\magick.h">
      <Filter>Header Files</Filter>
    </ClInclude>
    <ClInclude Include="include\magick\MagickCore.h">
      <Filter>Header Files</Filter>
    </ClInclude>
    <ClInclude Include="include\magick\matrix.h">
      <Filter>Header Files</Filter>
    </ClInclude>
    <ClInclude Include="include\magick\memory-private.h">
      <Filter>Header Files</Filter>
    </ClInclude>
    <ClInclude Include="include\magick\memory_.h">
      <Filter>Header Files</Filter>
    </ClInclude>
    <ClInclude Include="include\magick\method-attribute.h">
      <Filter>Header Files</Filter>
    </ClInclude>
    <ClInclude Include="include\magick\methods.h">
      <Filter>Header Files</Filter>
    </ClInclude>
    <ClInclude Include="include\magick\mime-private.h">
      <Filter>Header Files</Filter>
    </ClInclude>
    <ClInclude Include="include\magick\mime.h">
      <Filter>Header Files</Filter>
    </ClInclude>
    <ClInclude Include="include\magick\module.h">
      <Filter>Header Files</Filter>
    </ClInclude>
    <ClInclude Include="include\magick\monitor-private.h">
      <Filter>Header Files</Filter>
    </ClInclude>
    <ClInclude Include="include\magick\monitor.h">
      <Filter>Header Files</Filter>
    </ClInclude>
    <ClInclude Include="include\magick\montage.h">
      <Filter>Header Files</Filter>
    </ClInclude>
    <ClInclude Include="include\magick\morphology-private.h">
      <Filter>Header Files</Filter>
    </ClInclude>
    <ClInclude Include="include\magick\morphology.h">
      <Filter>Header Files</Filter>
    </ClInclude>
    <ClInclude Include="include\magick\nt-base.h">
      <Filter>Header Files</Filter>
    </ClInclude>
    <ClInclude Include="include\magick\nt-feature.h">
      <Filter>Header Files</Filter>
    </ClInclude>
    <ClInclude Include="include\magick\opencl-private.h">
      <Filter>Header Files</Filter>
    </ClInclude>
    <ClInclude Include="include\magick\opencl.h">
      <Filter>Header Files</Filter>
    </ClInclude>
    <ClInclude Include="include\magick\option.h">
      <Filter>Header Files</Filter>
    </ClInclude>
    <ClInclude Include="include\magick\paint.h">
      <Filter>Header Files</Filter>
    </ClInclude>
    <ClInclude Include="include\magick\pixel-accessor.h">
      <Filter>Header Files</Filter>
    </ClInclude>
    <ClInclude Include="include\magick\pixel-private.h">
      <Filter>Header Files</Filter>
    </ClInclude>
    <ClInclude Include="include\magick\pixel.h">
      <Filter>Header Files</Filter>
    </ClInclude>
    <ClInclude Include="include\magick\policy.h">
      <Filter>Header Files</Filter>
    </ClInclude>
    <ClInclude Include="include\magick\prepress.h">
      <Filter>Header Files</Filter>
    </ClInclude>
    <ClInclude Include="include\magick\PreRvIcccm.h">
      <Filter>Header Files</Filter>
    </ClInclude>
    <ClInclude Include="include\magick\profile.h">
      <Filter>Header Files</Filter>
    </ClInclude>
    <ClInclude Include="include\magick\property.h">
      <Filter>Header Files</Filter>
    </ClInclude>
    <ClInclude Include="include\magick\quantize.h">
      <Filter>Header Files</Filter>
    </ClInclude>
    <ClInclude Include="include\magick\quantum-private.h">
      <Filter>Header Files</Filter>
    </ClInclude>
    <ClInclude Include="include\magick\quantum.h">
      <Filter>Header Files</Filter>
    </ClInclude>
    <ClInclude Include="include\magick\random-private.h">
      <Filter>Header Files</Filter>
    </ClInclude>
    <ClInclude Include="include\magick\random_.h">
      <Filter>Header Files</Filter>
    </ClInclude>
    <ClInclude Include="include\magick\registry.h">
      <Filter>Header Files</Filter>
    </ClInclude>
    <ClInclude Include="include\magick\resample-private.h">
      <Filter>Header Files</Filter>
    </ClInclude>
    <ClInclude Include="include\magick\resample.h">
      <Filter>Header Files</Filter>
    </ClInclude>
    <ClInclude Include="include\magick\resize-private.h">
      <Filter>Header Files</Filter>
    </ClInclude>
    <ClInclude Include="include\magick\resize.h">
      <Filter>Header Files</Filter>
    </ClInclude>
    <ClInclude Include="include\magick\resource_.h">
      <Filter>Header Files</Filter>
    </ClInclude>
    <ClInclude Include="include\magick\segment.h">
      <Filter>Header Files</Filter>
    </ClInclude>
    <ClInclude Include="include\magick\semaphore-private.h">
      <Filter>Header Files</Filter>
    </ClInclude>
    <ClInclude Include="include\magick\semaphore.h">
      <Filter>Header Files</Filter>
    </ClInclude>
    <ClInclude Include="include\magick\shear.h">
      <Filter>Header Files</Filter>
    </ClInclude>
    <ClInclude Include="include\magick\signature-private.h">
      <Filter>Header Files</Filter>
    </ClInclude>
    <ClInclude Include="include\magick\signature.h">
      <Filter>Header Files</Filter>
    </ClInclude>
    <ClInclude Include="include\magick\splay-tree.h">
      <Filter>Header Files</Filter>
    </ClInclude>
    <ClInclude Include="include\magick\static.h">
      <Filter>Header Files</Filter>
    </ClInclude>
    <ClInclude Include="include\magick\statistic.h">
      <Filter>Header Files</Filter>
    </ClInclude>
    <ClInclude Include="include\magick\stream-private.h">
      <Filter>Header Files</Filter>
    </ClInclude>
    <ClInclude Include="include\magick\stream.h">
      <Filter>Header Files</Filter>
    </ClInclude>
    <ClInclude Include="include\magick\string-private.h">
      <Filter>Header Files</Filter>
    </ClInclude>
    <ClInclude Include="include\magick\string_.h">
      <Filter>Header Files</Filter>
    </ClInclude>
    <ClInclude Include="include\magick\studio.h">
      <Filter>Header Files</Filter>
    </ClInclude>
    <ClInclude Include="include\magick\thread-private.h">
      <Filter>Header Files</Filter>
    </ClInclude>
    <ClInclude Include="include\magick\thread_.h">
      <Filter>Header Files</Filter>
    </ClInclude>
    <ClInclude Include="include\magick\threshold.h">
      <Filter>Header Files</Filter>
    </ClInclude>
    <ClInclude Include="include\magick\timer.h">
      <Filter>Header Files</Filter>
    </ClInclude>
    <ClInclude Include="include\magick\token-private.h">
      <Filter>Header Files</Filter>
    </ClInclude>
    <ClInclude Include="include\magick\token.h">
      <Filter>Header Files</Filter>
    </ClInclude>
    <ClInclude Include="include\magick\transform.h">
      <Filter>Header Files</Filter>
    </ClInclude>
    <ClInclude Include="include\magick\type.h">
      <Filter>Header Files</Filter>
    </ClInclude>
    <ClInclude Include="include\magick\utility-private.h">
      <Filter>Header Files</Filter>
    </ClInclude>
    <ClInclude Include="include\magick\utility.h">
      <Filter>Header Files</Filter>
    </ClInclude>
    <ClInclude Include="include\magick\version-private.h">
      <Filter>Header Files</Filter>
    </ClInclude>
    <ClInclude Include="include\magick\version.h">
      <Filter>Header Files</Filter>
    </ClInclude>
    <ClInclude Include="include\magick\vms.h">
      <Filter>Header Files</Filter>
    </ClInclude>
    <ClInclude Include="include\magick\widget.h">
      <Filter>Header Files</Filter>
    </ClInclude>
    <ClInclude Include="include\magick\xml-tree.h">
      <Filter>Header Files</Filter>
    </ClInclude>
    <ClInclude Include="include\magick\xwindow-private.h">
      <Filter>Header Files</Filter>
    </ClInclude>
    <ClInclude Include="include\magick\xwindow.h">
      <Filter>Header Files</Filter>
    </ClInclude>
    <ClInclude Include="include\wand\animate.h">
      <Filter>Header Files</Filter>
    </ClInclude>
    <ClInclude Include="include\wand\compare.h">
      <Filter>Header Files</Filter>
    </ClInclude>
    <ClInclude Include="include\wand\composite.h">
      <Filter>Header Files</Filter>
    </ClInclude>
    <ClInclude Include="include\wand\conjure.h">
      <Filter>Header Files</Filter>
    </ClInclude>
    <ClInclude Include="include\wand\convert.h">
      <Filter>Header Files</Filter>
    </ClInclude>
    <ClInclude Include="include\wand\deprecate.h">
      <Filter>Header Files</Filter>
    </ClInclude>
    <ClInclude Include="include\wand\display.h">
      <Filter>Header Files</Filter>
    </ClInclude>
    <ClInclude Include="include\wand\drawing-wand.h">
      <Filter>Header Files</Filter>
    </ClInclude>
    <ClInclude Include="include\wand\identify.h">
      <Filter>Header Files</Filter>
    </ClInclude>
    <ClInclude Include="include\wand\import.h">
      <Filter>Header Files</Filter>
    </ClInclude>
    <ClInclude Include="include\wand\magick-image.h">
      <Filter>Header Files</Filter>
    </ClInclude>
    <ClInclude Include="include\wand\magick-property.h">
      <Filter>Header Files</Filter>
    </ClInclude>
    <ClInclude Include="include\wand\magick-wand-private.h">
      <Filter>Header Files</Filter>
    </ClInclude>
    <ClInclude Include="include\wand\magick-wand.h">
      <Filter>Header Files</Filter>
    </ClInclude>
    <ClInclude Include="include\wand\magick_wand.h">
      <Filter>Header Files</Filter>
    </ClInclude>
    <ClInclude Include="include\wand\MagickWand.h">
      <Filter>Header Files</Filter>
    </ClInclude>
    <ClInclude Include="include\wand\method-attribute.h">
      <Filter>Header Files</Filter>
    </ClInclude>
    <ClInclude Include="include\wand\mogrify-private.h">
      <Filter>Header Files</Filter>
    </ClInclude>
    <ClInclude Include="include\wand\mogrify.h">
      <Filter>Header Files</Filter>
    </ClInclude>
    <ClInclude Include="include\wand\montage.h">
      <Filter>Header Files</Filter>
    </ClInclude>
    <ClInclude Include="include\wand\pixel-iterator.h">
      <Filter>Header Files</Filter>
    </ClInclude>
    <ClInclude Include="include\wand\pixel-wand-private.h">
      <Filter>Header Files</Filter>
    </ClInclude>
    <ClInclude Include="include\wand\pixel-wand.h">
      <Filter>Header Files</Filter>
    </ClInclude>
    <ClInclude Include="include\wand\stream.h">
      <Filter>Header Files</Filter>
    </ClInclude>
    <ClInclude Include="include\wand\studio.h">
      <Filter>Header Files</Filter>
    </ClInclude>
    <ClInclude Include="include\wand\wand-config.h">
      <Filter>Header Files</Filter>
    </ClInclude>
    <ClInclude Include="include\wand\wand-view.h">
      <Filter>Header Files</Filter>
    </ClInclude>
    <ClInclude Include="include\wand\wand.h">
      <Filter>Header Files</Filter>
    </ClInclude>
    <ClInclude Include="include\zmq.h">
      <Filter>Header Files</Filter>
    </ClInclude>
    <ClInclude Include="include\zmq_utils.h">
      <Filter>Header Files</Filter>
    </ClInclude>
  </ItemGroup>
</Project>